
Microsoft Visual Studio Solution File, Format Version 12.00
# Visual Studio Version 18
VisualStudioVersion = 18.6.11819.183
MinimumVisualStudioVersion = 10.0.40219.1
Project("{9A19103F-16F7-4668-BE54-9A1E7A4F7556}") = "WebApi", "Backend\WebApi.csproj", "{A2263664-241D-45AD-8AE3-56F9E1543754}"
EndProject
Project("{FAE04EC0-301F-11D3-BF4B-00C04F79EFBC}") = "Domain", "Domain\Domain.csproj", "{128975B4-04BF-4285-9190-2DB6586087AC}"
EndProject
Project("{FAE04EC0-301F-11D3-BF4B-00C04F79EFBC}") = "Application", "Application\Application.csproj", "{68220DEB-B421-4E66-8C86-52510F362036}"
EndProject
Project("{FAE04EC0-301F-11D3-BF4B-00C04F79EFBC}") = "Infrastructure", "Infrastructure\Infrastructure.csproj", "{B219296D-A2BB-433F-A991-B3C52E0445BB}"
EndProject
Project("{FAE04EC0-301F-11D3-BF4B-00C04F79EFBC}") = "Domain.Tests", "Domain.Tests\Domain.Tests.csproj", "{F0122D85-9753-4491-BEF8-DFD711D54BC4}"
EndProject
Project("{FAE04EC0-301F-11D3-BF4B-00C04F79EFBC}") = "Application.Tests", "Application.Tests\Application.Tests.csproj", "{428F479C-F792-4473-9E4C-0C0332083625}"
EndProject
Project("{FAE04EC0-301F-11D3-BF4B-00C04F79EFBC}") = "Infrastructure.Tests", "Infrastructure.Tests\Infrastructure.Tests.csproj", "{69CC37AF-58D8-4E20-912F-B8B733C63ABE}"
EndProject
Project("{FAE04EC0-301F-11D3-BF4B-00C04F79EFBC}") = "WebApi.IntegrationTests", "WebApi.IntegrationTests\WebApi.IntegrationTests.csproj", "{EDB4963D-C01B-4765-AF52-DD9BE61972D1}"
EndProject
Project("{2150E333-8FDC-42A3-9474-1A3956D46DE8}") = "SolutionItems", "SolutionItems", "{128BE761-3EC8-4AF4-AF50-A57DABE16661}"
	ProjectSection(SolutionItems) = preProject
		.gitignore = .gitignore
		LICENSE = LICENSE
		README.md = README.md
	EndProjectSection
EndProject
Project("{2150E333-8FDC-42A3-9474-1A3956D46DE8}") = "GitHubActions", "GitHubActions", "{46675671-9B00-4501-853D-6AB7A4B1ED4F}"
	ProjectSection(SolutionItems) = preProject
		.github\workflows\dotnet.yml = .github\workflows\dotnet.yml
	EndProjectSection
EndProject
Project("{2150E333-8FDC-42A3-9474-1A3956D46DE8}") = "Docker", "Docker", "{B5BE8988-B42A-48EA-B390-019E8BD44152}"
	ProjectSection(SolutionItems) = preProject
		.dockerignore = .dockerignore
		docker-compose.yml = docker-compose.yml
		Backend\Dockerfile = Backend\Dockerfile
	EndProjectSection
EndProject
Global
	GlobalSection(SolutionConfigurationPlatforms) = preSolution
		Debug|Any CPU = Debug|Any CPU
		Release|Any CPU = Release|Any CPU
	EndGlobalSection
	GlobalSection(ProjectConfigurationPlatforms) = postSolution
		{A2263664-241D-45AD-8AE3-56F9E1543754}.Debug|Any CPU.ActiveCfg = Debug|Any CPU
		{A2263664-241D-45AD-8AE3-56F9E1543754}.Debug|Any CPU.Build.0 = Debug|Any CPU
		{A2263664-241D-45AD-8AE3-56F9E1543754}.Release|Any CPU.ActiveCfg = Release|Any CPU
		{A2263664-241D-45AD-8AE3-56F9E1543754}.Release|Any CPU.Build.0 = Release|Any CPU
		{128975B4-04BF-4285-9190-2DB6586087AC}.Debug|Any CPU.ActiveCfg = Debug|Any CPU
		{128975B4-04BF-4285-9190-2DB6586087AC}.Debug|Any CPU.Build.0 = Debug|Any CPU
		{128975B4-04BF-4285-9190-2DB6586087AC}.Release|Any CPU.ActiveCfg = Release|Any CPU
		{128975B4-04BF-4285-9190-2DB6586087AC}.Release|Any CPU.Build.0 = Release|Any CPU
		{68220DEB-B421-4E66-8C86-52510F362036}.Debug|Any CPU.ActiveCfg = Debug|Any CPU
		{68220DEB-B421-4E66-8C86-52510F362036}.Debug|Any CPU.Build.0 = Debug|Any CPU
		{68220DEB-B421-4E66-8C86-52510F362036}.Release|Any CPU.ActiveCfg = Release|Any CPU
		{68220DEB-B421-4E66-8C86-52510F362036}.Release|Any CPU.Build.0 = Release|Any CPU
		{B219296D-A2BB-433F-A991-B3C52E0445BB}.Debug|Any CPU.ActiveCfg = Debug|Any CPU
		{B219296D-A2BB-433F-A991-B3C52E0445BB}.Debug|Any CPU.Build.0 = Debug|Any CPU
		{B219296D-A2BB-433F-A991-B3C52E0445BB}.Release|Any CPU.ActiveCfg = Release|Any CPU
		{B219296D-A2BB-433F-A991-B3C52E0445BB}.Release|Any CPU.Build.0 = Release|Any CPU
		{F0122D85-9753-4491-BEF8-DFD711D54BC4}.Debug|Any CPU.ActiveCfg = Debug|Any CPU
		{F0122D85-9753-4491-BEF8-DFD711D54BC4}.Debug|Any CPU.Build.0 = Debug|Any CPU
		{F0122D85-9753-4491-BEF8-DFD711D54BC4}.Release|Any CPU.ActiveCfg = Release|Any CPU
		{F0122D85-9753-4491-BEF8-DFD711D54BC4}.Release|Any CPU.Build.0 = Release|Any CPU
		{428F479C-F792-4473-9E4C-0C0332083625}.Debug|Any CPU.ActiveCfg = Debug|Any CPU
		{428F479C-F792-4473-9E4C-0C0332083625}.Debug|Any CPU.Build.0 = Debug|Any CPU
		{428F479C-F792-4473-9E4C-0C0332083625}.Release|Any CPU.ActiveCfg = Release|Any CPU
		{428F479C-F792-4473-9E4C-0C0332083625}.Release|Any CPU.Build.0 = Release|Any CPU
		{69CC37AF-58D8-4E20-912F-B8B733C63ABE}.Debug|Any CPU.ActiveCfg = Debug|Any CPU
		{69CC37AF-58D8-4E20-912F-B8B733C63ABE}.Debug|Any CPU.Build.0 = Debug|Any CPU
		{69CC37AF-58D8-4E20-912F-B8B733C63ABE}.Release|Any CPU.ActiveCfg = Release|Any CPU
		{69CC37AF-58D8-4E20-912F-B8B733C63ABE}.Release|Any CPU.Build.0 = Release|Any CPU
		{EDB4963D-C01B-4765-AF52-DD9BE61972D1}.Debug|Any CPU.ActiveCfg = Debug|Any CPU
		{EDB4963D-C01B-4765-AF52-DD9BE61972D1}.Debug|Any CPU.Build.0 = Debug|Any CPU
		{EDB4963D-C01B-4765-AF52-DD9BE61972D1}.Release|Any CPU.ActiveCfg = Release|Any CPU
		{EDB4963D-C01B-4765-AF52-DD9BE61972D1}.Release|Any CPU.Build.0 = Release|Any CPU
	EndGlobalSection
	GlobalSection(SolutionProperties) = preSolution
		HideSolutionNode = FALSE
	EndGlobalSection
	GlobalSection(NestedProjects) = preSolution
		{46675671-9B00-4501-853D-6AB7A4B1ED4F} = {128BE761-3EC8-4AF4-AF50-A57DABE16661}
		{B5BE8988-B42A-48EA-B390-019E8BD44152} = {128BE761-3EC8-4AF4-AF50-A57DABE16661}
	EndGlobalSection
	GlobalSection(ExtensibilityGlobals) = postSolution
		SolutionGuid = {E8623E75-6BA4-4D12-9FF2-40606FBF2F8A}
	EndGlobalSection
EndGlobal
